// !$*UTF8*$!
{
	archiveVersion = 1;
	classes = {
	};
	objectVersion = 46;
	objects = {

/* Begin PBXBuildFile section */
		1946B978195605BA00AB83DD /* image1.png in Resources */ = {isa = PBXBuildFile; fileRef = 1946B976195605BA00AB83DD /* image1.png */; };
		1946B979195605BA00AB83DD /* image2.png in Resources */ = {isa = PBXBuildFile; fileRef = 1946B977195605BA00AB83DD /* image2.png */; };
		9B2A1BC415E805D1007E66E0 /* AppDelegate.m in Sources */ = {isa = PBXBuildFile; fileRef = 9B2A1B9915E805D1007E66E0 /* AppDelegate.m */; };
		9B2A1BC515E805D1007E66E0 /* InfoPlist.strings in Resources */ = {isa = PBXBuildFile; fileRef = 9B2A1B9A15E805D1007E66E0 /* InfoPlist.strings */; };
		9B2A1BC915E805D1007E66E0 /* main.m in Sources */ = {isa = PBXBuildFile; fileRef = 9B2A1BA215E805D1007E66E0 /* main.m */; };
		9B2A1BD715E805D1007E66E0 /* ViewController.m in Sources */ = {isa = PBXBuildFile; fileRef = 9B2A1BC315E805D1007E66E0 /* ViewController.m */; };
		9B2A1C2915E807D9007E66E0 /* FHSTwitterEngine.m in Sources */ = {isa = PBXBuildFile; fileRef = 9B2A1C0915E807D9007E66E0 /* FHSTwitterEngine.m */; settings = {COMPILER_FLAGS = ""; }; };
		9B2A59E41628F053003B4E2E /* Default-568h@2x.png in Resources */ = {isa = PBXBuildFile; fileRef = 9B2A59E31628F053003B4E2E /* Default-568h@2x.png */; };
		9B31B96015E56E34003FC89D /* UIKit.framework in Frameworks */ = {isa = PBXBuildFile; fileRef = 9B31B95F15E56E34003FC89D /* UIKit.framework */; };
		9B31B96215E56E34003FC89D /* Foundation.framework in Frameworks */ = {isa = PBXBuildFile; fileRef = 9B31B96115E56E34003FC89D /* Foundation.framework */; };
		9B31B96415E56E34003FC89D /* CoreGraphics.framework in Frameworks */ = {isa = PBXBuildFile; fileRef = 9B31B96315E56E34003FC89D /* CoreGraphics.framework */; };
		F106B12318CE6562007F68B5 /* NSURL+FHSTE.m in Sources */ = {isa = PBXBuildFile; fileRef = F106B12218CE6562007F68B5 /* NSURL+FHSTE.m */; };
		F110641A19D3608C0078A844 /* FHSStream+Parsing.m in Sources */ = {isa = PBXBuildFile; fileRef = F110641919D3608C0078A844 /* FHSStream+Parsing.m */; };
		F11270AF19835DF5005F309D /* XCTest.framework in Frameworks */ = {isa = PBXBuildFile; fileRef = F11270AE19835DF5005F309D /* XCTest.framework */; };
		F11270B019835DF5005F309D /* Foundation.framework in Frameworks */ = {isa = PBXBuildFile; fileRef = 9B31B96115E56E34003FC89D /* Foundation.framework */; };
		F11270B119835DF5005F309D /* UIKit.framework in Frameworks */ = {isa = PBXBuildFile; fileRef = 9B31B95F15E56E34003FC89D /* UIKit.framework */; };
		F11270B719835DF5005F309D /* InfoPlist.strings in Resources */ = {isa = PBXBuildFile; fileRef = F11270B519835DF5005F309D /* InfoPlist.strings */; };
		F11270CA198361AE005F309D /* Streaming.m in Sources */ = {isa = PBXBuildFile; fileRef = F11270C9198361AE005F309D /* Streaming.m */; };
		F1127D3B1982A44200BE6469 /* NSMutableURLRequest+OAuth.m in Sources */ = {isa = PBXBuildFile; fileRef = F1127D3A1982A44200BE6469 /* NSMutableURLRequest+OAuth.m */; };
		F1127D3E1982A79600BE6469 /* NSMutableURLRequest+FHSTE.m in Sources */ = {isa = PBXBuildFile; fileRef = F1127D3D1982A79600BE6469 /* NSMutableURLRequest+FHSTE.m */; };
		F12A456B18CE384100D6AEFA /* NSError+FHSTE.m in Sources */ = {isa = PBXBuildFile; fileRef = F12A456A18CE384100D6AEFA /* NSError+FHSTE.m */; };
		F16ADB6E1985AC2C003925A6 /* FHSTwitterEngine+Streaming.m in Sources */ = {isa = PBXBuildFile; fileRef = F16ADB6D1985AC2C003925A6 /* FHSTwitterEngine+Streaming.m */; };
		F173184018CE1148005C790B /* NSData+FHSTE.m in Sources */ = {isa = PBXBuildFile; fileRef = F173183F18CE1148005C790B /* NSData+FHSTE.m */; };
		F17DCD1018CDF9A2005382F4 /* FHSTwitterEngine+Requests.m in Sources */ = {isa = PBXBuildFile; fileRef = F17DCD0F18CDF9A2005382F4 /* FHSTwitterEngine+Requests.m */; };
		F17DCD1618CE006F005382F4 /* FHSOAuthLoginController.m in Sources */ = {isa = PBXBuildFile; fileRef = F17DCD1518CE006F005382F4 /* FHSOAuthLoginController.m */; };
		F17DCD1B18CE0196005382F4 /* NSString+FHSTE.m in Sources */ = {isa = PBXBuildFile; fileRef = F17DCD1A18CE0196005382F4 /* NSString+FHSTE.m */; };
		F1CC819A18EF76B6002468D0 /* FHSStream.m in Sources */ = {isa = PBXBuildFile; fileRef = F1CC819718EF76B6002468D0 /* FHSStream.m */; };
		F1CC819B18EF76B6002468D0 /* FHSToken.m in Sources */ = {isa = PBXBuildFile; fileRef = F1CC819918EF76B6002468D0 /* FHSToken.m */; };
		F1E360E418D138E000CBF03D /* FHSTwitterEngine+iOS.m in Sources */ = {isa = PBXBuildFile; fileRef = F1E360E318D138E000CBF03D /* FHSTwitterEngine+iOS.m */; };
		F1E360E818D1513F00CBF03D /* Accounts.framework in Frameworks */ = {isa = PBXBuildFile; fileRef = F1E360E718D1513F00CBF03D /* Accounts.framework */; };
		F1E360EA18D157EC00CBF03D /* Social.framework in Frameworks */ = {isa = PBXBuildFile; fileRef = F1E360E918D157EC00CBF03D /* Social.framework */; };
		F1E39F9916645C380049DAB1 /* SystemConfiguration.framework in Frameworks */ = {isa = PBXBuildFile; fileRef = F1E39F9816645C380049DAB1 /* SystemConfiguration.framework */; };
		F1E5B035198176E9002FC64E /* NSObject+FHSTE.m in Sources */ = {isa = PBXBuildFile; fileRef = F1E5B034198176E9002FC64E /* NSObject+FHSTE.m */; };
		F1FA668219847AD5000F7072 /* OAuth.m in Sources */ = {isa = PBXBuildFile; fileRef = F1FA668119847AD5000F7072 /* OAuth.m */; };
/* End PBXBuildFile section */

/* Begin PBXContainerItemProxy section */
		F11270BB19835DF5005F309D /* PBXContainerItemProxy */ = {
			isa = PBXContainerItemProxy;
			containerPortal = 9B31B95215E56E34003FC89D /* Project object */;
			proxyType = 1;
			remoteGlobalIDString = 9B31B95A15E56E34003FC89D;
			remoteInfo = FHSTwitterEngine;
		};
/* End PBXContainerItemProxy section */

/* Begin PBXFileReference section */
		1946B976195605BA00AB83DD /* image1.png */ = {isa = PBXFileReference; lastKnownFileType = image.png; path = image1.png; sourceTree = "<group>"; };
		1946B977195605BA00AB83DD /* image2.png */ = {isa = PBXFileReference; lastKnownFileType = image.png; path = image2.png; sourceTree = "<group>"; };
		9B2A1B9815E805D1007E66E0 /* AppDelegate.h */ = {isa = PBXFileReference; fileEncoding = 4; lastKnownFileType = sourcecode.c.h; path = AppDelegate.h; sourceTree = "<group>"; };
		9B2A1B9915E805D1007E66E0 /* AppDelegate.m */ = {isa = PBXFileReference; fileEncoding = 4; lastKnownFileType = sourcecode.c.objc; path = AppDelegate.m; sourceTree = "<group>"; };
		9B2A1B9B15E805D1007E66E0 /* en */ = {isa = PBXFileReference; lastKnownFileType = text.plist.strings; name = en; path = en.lproj/InfoPlist.strings; sourceTree = "<group>"; };
		9B2A1B9E15E805D1007E66E0 /* FHSTwitterEngine-Info.plist */ = {isa = PBXFileReference; fileEncoding = 4; lastKnownFileType = text.plist.xml; path = "FHSTwitterEngine-Info.plist"; sourceTree = "<group>"; };
		9B2A1B9F15E805D1007E66E0 /* FHSTwitterEngine-Prefix.pch */ = {isa = PBXFileReference; fileEncoding = 4; lastKnownFileType = sourcecode.c.h; path = "FHSTwitterEngine-Prefix.pch"; sourceTree = "<group>"; };
		9B2A1BA215E805D1007E66E0 /* main.m */ = {isa = PBXFileReference; fileEncoding = 4; lastKnownFileType = sourcecode.c.objc; path = main.m; sourceTree = "<group>"; };
		9B2A1BC215E805D1007E66E0 /* ViewController.h */ = {isa = PBXFileReference; fileEncoding = 4; lastKnownFileType = sourcecode.c.h; path = ViewController.h; sourceTree = "<group>"; };
		9B2A1BC315E805D1007E66E0 /* ViewController.m */ = {isa = PBXFileReference; fileEncoding = 4; lastKnownFileType = sourcecode.c.objc; path = ViewController.m; sourceTree = "<group>"; };
		9B2A1C0815E807D9007E66E0 /* FHSTwitterEngine.h */ = {isa = PBXFileReference; fileEncoding = 4; lastKnownFileType = sourcecode.c.h; path = FHSTwitterEngine.h; sourceTree = "<group>"; };
		9B2A1C0915E807D9007E66E0 /* FHSTwitterEngine.m */ = {isa = PBXFileReference; fileEncoding = 4; lastKnownFileType = sourcecode.c.objc; path = FHSTwitterEngine.m; sourceTree = "<group>"; };
		9B2A59E31628F053003B4E2E /* Default-568h@2x.png */ = {isa = PBXFileReference; lastKnownFileType = image.png; path = "Default-568h@2x.png"; sourceTree = "<group>"; };
		9B31B95B15E56E34003FC89D /* FHSTwitterEngine.app */ = {isa = PBXFileReference; explicitFileType = wrapper.application; includeInIndex = 0; path = FHSTwitterEngine.app; sourceTree = BUILT_PRODUCTS_DIR; };
		9B31B95F15E56E34003FC89D /* UIKit.framework */ = {isa = PBXFileReference; lastKnownFileType = wrapper.framework; name = UIKit.framework; path = System/Library/Frameworks/UIKit.framework; sourceTree = SDKROOT; };
		9B31B96115E56E34003FC89D /* Foundation.framework */ = {isa = PBXFileReference; lastKnownFileType = wrapper.framework; name = Foundation.framework; path = System/Library/Frameworks/Foundation.framework; sourceTree = SDKROOT; };
		9B31B96315E56E34003FC89D /* CoreGraphics.framework */ = {isa = PBXFileReference; lastKnownFileType = wrapper.framework; name = CoreGraphics.framework; path = System/Library/Frameworks/CoreGraphics.framework; sourceTree = SDKROOT; };
		F106B12118CE6562007F68B5 /* NSURL+FHSTE.h */ = {isa = PBXFileReference; fileEncoding = 4; lastKnownFileType = sourcecode.c.h; path = "NSURL+FHSTE.h"; sourceTree = "<group>"; };
		F106B12218CE6562007F68B5 /* NSURL+FHSTE.m */ = {isa = PBXFileReference; fileEncoding = 4; lastKnownFileType = sourcecode.c.objc; path = "NSURL+FHSTE.m"; sourceTree = "<group>"; };
		F106B12418CEA3A3007F68B5 /* FHSDefines.h */ = {isa = PBXFileReference; lastKnownFileType = sourcecode.c.h; path = FHSDefines.h; sourceTree = "<group>"; };
		F110641819D3608C0078A844 /* FHSStream+Parsing.h */ = {isa = PBXFileReference; fileEncoding = 4; lastKnownFileType = sourcecode.c.h; path = "FHSStream+Parsing.h"; sourceTree = "<group>"; };
		F110641919D3608C0078A844 /* FHSStream+Parsing.m */ = {isa = PBXFileReference; fileEncoding = 4; lastKnownFileType = sourcecode.c.objc; path = "FHSStream+Parsing.m"; sourceTree = "<group>"; };
		F11270AD19835DF5005F309D /* FHSTwitterEngine Tests.xctest */ = {isa = PBXFileReference; explicitFileType = wrapper.cfbundle; includeInIndex = 0; path = "FHSTwitterEngine Tests.xctest"; sourceTree = BUILT_PRODUCTS_DIR; };
		F11270AE19835DF5005F309D /* XCTest.framework */ = {isa = PBXFileReference; lastKnownFileType = wrapper.framework; name = XCTest.framework; path = Library/Frameworks/XCTest.framework; sourceTree = DEVELOPER_DIR; };
		F11270B419835DF5005F309D /* FHSTwitterEngine Tests-Info.plist */ = {isa = PBXFileReference; lastKnownFileType = text.plist.xml; path = "FHSTwitterEngine Tests-Info.plist"; sourceTree = "<group>"; };
		F11270B619835DF5005F309D /* en */ = {isa = PBXFileReference; lastKnownFileType = text.plist.strings; name = en; path = en.lproj/InfoPlist.strings; sourceTree = "<group>"; };
		F11270BA19835DF5005F309D /* FHSTwitterEngine Tests-Prefix.pch */ = {isa = PBXFileReference; lastKnownFileType = sourcecode.c.h; path = "FHSTwitterEngine Tests-Prefix.pch"; sourceTree = "<group>"; };
		F11270C9198361AE005F309D /* Streaming.m */ = {isa = PBXFileReference; fileEncoding = 4; lastKnownFileType = sourcecode.c.objc; path = Streaming.m; sourceTree = "<group>"; };
		F1127D391982A44200BE6469 /* NSMutableURLRequest+OAuth.h */ = {isa = PBXFileReference; fileEncoding = 4; lastKnownFileType = sourcecode.c.h; path = "NSMutableURLRequest+OAuth.h"; sourceTree = "<group>"; };
		F1127D3A1982A44200BE6469 /* NSMutableURLRequest+OAuth.m */ = {isa = PBXFileReference; fileEncoding = 4; lastKnownFileType = sourcecode.c.objc; path = "NSMutableURLRequest+OAuth.m"; sourceTree = "<group>"; };
		F1127D3C1982A79600BE6469 /* NSMutableURLRequest+FHSTE.h */ = {isa = PBXFileReference; fileEncoding = 4; lastKnownFileType = sourcecode.c.h; path = "NSMutableURLRequest+FHSTE.h"; sourceTree = "<group>"; };
		F1127D3D1982A79600BE6469 /* NSMutableURLRequest+FHSTE.m */ = {isa = PBXFileReference; fileEncoding = 4; lastKnownFileType = sourcecode.c.objc; path = "NSMutableURLRequest+FHSTE.m"; sourceTree = "<group>"; };
		F12A456918CE384100D6AEFA /* NSError+FHSTE.h */ = {isa = PBXFileReference; fileEncoding = 4; lastKnownFileType = sourcecode.c.h; path = "NSError+FHSTE.h"; sourceTree = "<group>"; };
		F12A456A18CE384100D6AEFA /* NSError+FHSTE.m */ = {isa = PBXFileReference; fileEncoding = 4; lastKnownFileType = sourcecode.c.objc; path = "NSError+FHSTE.m"; sourceTree = "<group>"; };
		F16ADB6C1985AC2C003925A6 /* FHSTwitterEngine+Streaming.h */ = {isa = PBXFileReference; fileEncoding = 4; lastKnownFileType = sourcecode.c.h; path = "FHSTwitterEngine+Streaming.h"; sourceTree = "<group>"; };
		F16ADB6D1985AC2C003925A6 /* FHSTwitterEngine+Streaming.m */ = {isa = PBXFileReference; fileEncoding = 4; lastKnownFileType = sourcecode.c.objc; path = "FHSTwitterEngine+Streaming.m"; sourceTree = "<group>"; };
		F173183E18CE1148005C790B /* NSData+FHSTE.h */ = {isa = PBXFileReference; fileEncoding = 4; lastKnownFileType = sourcecode.c.h; path = "NSData+FHSTE.h"; sourceTree = "<group>"; };
		F173183F18CE1148005C790B /* NSData+FHSTE.m */ = {isa = PBXFileReference; fileEncoding = 4; lastKnownFileType = sourcecode.c.objc; path = "NSData+FHSTE.m"; sourceTree = "<group>"; };
		F17DCD0E18CDF9A2005382F4 /* FHSTwitterEngine+Requests.h */ = {isa = PBXFileReference; fileEncoding = 4; lastKnownFileType = sourcecode.c.h; path = "FHSTwitterEngine+Requests.h"; sourceTree = "<group>"; };
		F17DCD0F18CDF9A2005382F4 /* FHSTwitterEngine+Requests.m */ = {isa = PBXFileReference; fileEncoding = 4; lastKnownFileType = sourcecode.c.objc; path = "FHSTwitterEngine+Requests.m"; sourceTree = "<group>"; };
		F17DCD1418CE006F005382F4 /* FHSOAuthLoginController.h */ = {isa = PBXFileReference; fileEncoding = 4; lastKnownFileType = sourcecode.c.h; path = FHSOAuthLoginController.h; sourceTree = "<group>"; };
		F17DCD1518CE006F005382F4 /* FHSOAuthLoginController.m */ = {isa = PBXFileReference; fileEncoding = 4; lastKnownFileType = sourcecode.c.objc; path = FHSOAuthLoginController.m; sourceTree = "<group>"; };
		F17DCD1918CE0196005382F4 /* NSString+FHSTE.h */ = {isa = PBXFileReference; fileEncoding = 4; lastKnownFileType = sourcecode.c.h; path = "NSString+FHSTE.h"; sourceTree = "<group>"; };
		F17DCD1A18CE0196005382F4 /* NSString+FHSTE.m */ = {isa = PBXFileReference; fileEncoding = 4; lastKnownFileType = sourcecode.c.objc; path = "NSString+FHSTE.m"; sourceTree = "<group>"; };
		F1CC819618EF76B6002468D0 /* FHSStream.h */ = {isa = PBXFileReference; fileEncoding = 4; lastKnownFileType = sourcecode.c.h; path = FHSStream.h; sourceTree = "<group>"; };
		F1CC819718EF76B6002468D0 /* FHSStream.m */ = {isa = PBXFileReference; fileEncoding = 4; lastKnownFileType = sourcecode.c.objc; path = FHSStream.m; sourceTree = "<group>"; };
		F1CC819818EF76B6002468D0 /* FHSToken.h */ = {isa = PBXFileReference; fileEncoding = 4; lastKnownFileType = sourcecode.c.h; path = FHSToken.h; sourceTree = "<group>"; };
		F1CC819918EF76B6002468D0 /* FHSToken.m */ = {isa = PBXFileReference; fileEncoding = 4; lastKnownFileType = sourcecode.c.objc; path = FHSToken.m; sourceTree = "<group>"; };
		F1E360E218D138E000CBF03D /* FHSTwitterEngine+iOS.h */ = {isa = PBXFileReference; fileEncoding = 4; lastKnownFileType = sourcecode.c.h; path = "FHSTwitterEngine+iOS.h"; sourceTree = "<group>"; };
		F1E360E318D138E000CBF03D /* FHSTwitterEngine+iOS.m */ = {isa = PBXFileReference; fileEncoding = 4; lastKnownFileType = sourcecode.c.objc; path = "FHSTwitterEngine+iOS.m"; sourceTree = "<group>"; };
		F1E360E518D1513B00CBF03D /* Twitter.framework */ = {isa = PBXFileReference; lastKnownFileType = wrapper.framework; name = Twitter.framework; path = System/Library/Frameworks/Twitter.framework; sourceTree = SDKROOT; };
		F1E360E718D1513F00CBF03D /* Accounts.framework */ = {isa = PBXFileReference; lastKnownFileType = wrapper.framework; name = Accounts.framework; path = System/Library/Frameworks/Accounts.framework; sourceTree = SDKROOT; };
		F1E360E918D157EC00CBF03D /* Social.framework */ = {isa = PBXFileReference; lastKnownFileType = wrapper.framework; name = Social.framework; path = System/Library/Frameworks/Social.framework; sourceTree = SDKROOT; };
		F1E39F9816645C380049DAB1 /* SystemConfiguration.framework */ = {isa = PBXFileReference; lastKnownFileType = wrapper.framework; name = SystemConfiguration.framework; path = System/Library/Frameworks/SystemConfiguration.framework; sourceTree = SDKROOT; };
		F1E5B033198176E9002FC64E /* NSObject+FHSTE.h */ = {isa = PBXFileReference; fileEncoding = 4; lastKnownFileType = sourcecode.c.h; path = "NSObject+FHSTE.h"; sourceTree = "<group>"; };
		F1E5B034198176E9002FC64E /* NSObject+FHSTE.m */ = {isa = PBXFileReference; fileEncoding = 4; lastKnownFileType = sourcecode.c.objc; path = "NSObject+FHSTE.m"; sourceTree = "<group>"; };
		F1FA668119847AD5000F7072 /* OAuth.m */ = {isa = PBXFileReference; fileEncoding = 4; lastKnownFileType = sourcecode.c.objc; path = OAuth.m; sourceTree = "<group>"; };
/* End PBXFileReference section */

/* Begin PBXFrameworksBuildPhase section */
		9B31B95815E56E34003FC89D /* Frameworks */ = {
			isa = PBXFrameworksBuildPhase;
			buildActionMask = 2147483647;
			files = (
				F1E360E818D1513F00CBF03D /* Accounts.framework in Frameworks */,
				F1E360EA18D157EC00CBF03D /* Social.framework in Frameworks */,
				F1E39F9916645C380049DAB1 /* SystemConfiguration.framework in Frameworks */,
				9B31B96015E56E34003FC89D /* UIKit.framework in Frameworks */,
				9B31B96215E56E34003FC89D /* Foundation.framework in Frameworks */,
				9B31B96415E56E34003FC89D /* CoreGraphics.framework in Frameworks */,
			);
			runOnlyForDeploymentPostprocessing = 0;
		};
		F11270AA19835DF5005F309D /* Frameworks */ = {
			isa = PBXFrameworksBuildPhase;
			buildActionMask = 2147483647;
			files = (
				F11270AF19835DF5005F309D /* XCTest.framework in Frameworks */,
				F11270B119835DF5005F309D /* UIKit.framework in Frameworks */,
				F11270B019835DF5005F309D /* Foundation.framework in Frameworks */,
			);
			runOnlyForDeploymentPostprocessing = 0;
		};
/* End PBXFrameworksBuildPhase section */

/* Begin PBXGroup section */
		9B2A1B9715E805D1007E66E0 /* Demo */ = {
			isa = PBXGroup;
			children = (
				9B2A1B9815E805D1007E66E0 /* AppDelegate.h */,
				9B2A1B9915E805D1007E66E0 /* AppDelegate.m */,
				9B2A1BC215E805D1007E66E0 /* ViewController.h */,
				9B2A1BC315E805D1007E66E0 /* ViewController.m */,
				9B2A1BD815E80601007E66E0 /* Supporting Files */,
			);
			path = Demo;
			sourceTree = "<group>";
		};
		9B2A1BD815E80601007E66E0 /* Supporting Files */ = {
			isa = PBXGroup;
			children = (
				1946B976195605BA00AB83DD /* image1.png */,
				1946B977195605BA00AB83DD /* image2.png */,
				9B2A59E31628F053003B4E2E /* Default-568h@2x.png */,
				9B2A1B9A15E805D1007E66E0 /* InfoPlist.strings */,
				9B2A1B9E15E805D1007E66E0 /* FHSTwitterEngine-Info.plist */,
				9B2A1B9F15E805D1007E66E0 /* FHSTwitterEngine-Prefix.pch */,
				9B2A1BA215E805D1007E66E0 /* main.m */,
			);
			path = "Supporting Files";
			sourceTree = "<group>";
		};
		9B2A1C0715E807D9007E66E0 /* FHSTwitterEngine */ = {
			isa = PBXGroup;
			children = (
				9B2A1C0815E807D9007E66E0 /* FHSTwitterEngine.h */,
				9B2A1C0915E807D9007E66E0 /* FHSTwitterEngine.m */,
				F1E360E218D138E000CBF03D /* FHSTwitterEngine+iOS.h */,
				F1E360E318D138E000CBF03D /* FHSTwitterEngine+iOS.m */,
				F17DCD0E18CDF9A2005382F4 /* FHSTwitterEngine+Requests.h */,
				F17DCD0F18CDF9A2005382F4 /* FHSTwitterEngine+Requests.m */,
				F16ADB6C1985AC2C003925A6 /* FHSTwitterEngine+Streaming.h */,
				F16ADB6D1985AC2C003925A6 /* FHSTwitterEngine+Streaming.m */,
				F17DCD1418CE006F005382F4 /* FHSOAuthLoginController.h */,
				F17DCD1518CE006F005382F4 /* FHSOAuthLoginController.m */,
				F106B12418CEA3A3007F68B5 /* FHSDefines.h */,
				F1CC819518EF76B6002468D0 /* model */,
				F17DCD1818CE017A005382F4 /* categories */,
			);
			path = FHSTwitterEngine;
			sourceTree = "<group>";
		};
		9B31B95015E56E34003FC89D = {
			isa = PBXGroup;
			children = (
				9B2A1C0715E807D9007E66E0 /* FHSTwitterEngine */,
				F11270B219835DF5005F309D /* Tests */,
				9B2A1B9715E805D1007E66E0 /* Demo */,
				9B31B95E15E56E34003FC89D /* Frameworks */,
				9B31B95C15E56E34003FC89D /* Products */,
			);
			sourceTree = "<group>";
		};
		9B31B95C15E56E34003FC89D /* Products */ = {
			isa = PBXGroup;
			children = (
				9B31B95B15E56E34003FC89D /* FHSTwitterEngine.app */,
				F11270AD19835DF5005F309D /* FHSTwitterEngine Tests.xctest */,
			);
			name = Products;
			sourceTree = "<group>";
		};
		9B31B95E15E56E34003FC89D /* Frameworks */ = {
			isa = PBXGroup;
			children = (
				F1E360E918D157EC00CBF03D /* Social.framework */,
				F1E360E718D1513F00CBF03D /* Accounts.framework */,
				F1E360E518D1513B00CBF03D /* Twitter.framework */,
				F1E39F9816645C380049DAB1 /* SystemConfiguration.framework */,
				9B31B95F15E56E34003FC89D /* UIKit.framework */,
				9B31B96115E56E34003FC89D /* Foundation.framework */,
				9B31B96315E56E34003FC89D /* CoreGraphics.framework */,
				F11270AE19835DF5005F309D /* XCTest.framework */,
			);
			name = Frameworks;
			sourceTree = "<group>";
		};
		F11270B219835DF5005F309D /* Tests */ = {
			isa = PBXGroup;
			children = (
				F11270C9198361AE005F309D /* Streaming.m */,
				F1FA668119847AD5000F7072 /* OAuth.m */,
				F11270B319835DF5005F309D /* Supporting Files */,
			);
			path = Tests;
			sourceTree = "<group>";
		};
		F11270B319835DF5005F309D /* Supporting Files */ = {
			isa = PBXGroup;
			children = (
				F11270B419835DF5005F309D /* FHSTwitterEngine Tests-Info.plist */,
				F11270B519835DF5005F309D /* InfoPlist.strings */,
				F11270BA19835DF5005F309D /* FHSTwitterEngine Tests-Prefix.pch */,
			);
			path = "Supporting Files";
			sourceTree = "<group>";
		};
		F17DCD1818CE017A005382F4 /* categories */ = {
			isa = PBXGroup;
			children = (
				F17DCD1918CE0196005382F4 /* NSString+FHSTE.h */,
				F17DCD1A18CE0196005382F4 /* NSString+FHSTE.m */,
				F173183E18CE1148005C790B /* NSData+FHSTE.h */,
				F173183F18CE1148005C790B /* NSData+FHSTE.m */,
				F12A456918CE384100D6AEFA /* NSError+FHSTE.h */,
				F12A456A18CE384100D6AEFA /* NSError+FHSTE.m */,
				F106B12118CE6562007F68B5 /* NSURL+FHSTE.h */,
				F106B12218CE6562007F68B5 /* NSURL+FHSTE.m */,
				F1E5B033198176E9002FC64E /* NSObject+FHSTE.h */,
				F1E5B034198176E9002FC64E /* NSObject+FHSTE.m */,
				F1127D3C1982A79600BE6469 /* NSMutableURLRequest+FHSTE.h */,
				F1127D3D1982A79600BE6469 /* NSMutableURLRequest+FHSTE.m */,
				F1127D391982A44200BE6469 /* NSMutableURLRequest+OAuth.h */,
				F1127D3A1982A44200BE6469 /* NSMutableURLRequest+OAuth.m */,
			);
			path = categories;
			sourceTree = "<group>";
		};
		F1CC819518EF76B6002468D0 /* model */ = {
			isa = PBXGroup;
			children = (
				F1CC819618EF76B6002468D0 /* FHSStream.h */,
				F1CC819718EF76B6002468D0 /* FHSStream.m */,
				F110641819D3608C0078A844 /* FHSStream+Parsing.h */,
				F110641919D3608C0078A844 /* FHSStream+Parsing.m */,
				F1CC819818EF76B6002468D0 /* FHSToken.h */,
				F1CC819918EF76B6002468D0 /* FHSToken.m */,
			);
			path = model;
			sourceTree = "<group>";
		};
/* End PBXGroup section */

/* Begin PBXNativeTarget section */
		9B31B95A15E56E34003FC89D /* FHSTwitterEngine */ = {
			isa = PBXNativeTarget;
			buildConfigurationList = 9B31B97915E56E34003FC89D /* Build configuration list for PBXNativeTarget "FHSTwitterEngine" */;
			buildPhases = (
				9B31B95715E56E34003FC89D /* Sources */,
				9B31B95815E56E34003FC89D /* Frameworks */,
				9B31B95915E56E34003FC89D /* Resources */,
			);
			buildRules = (
			);
			dependencies = (
			);
			name = FHSTwitterEngine;
			productName = FHSTwitterEngine;
			productReference = 9B31B95B15E56E34003FC89D /* FHSTwitterEngine.app */;
			productType = "com.apple.product-type.application";
		};
		F11270AC19835DF5005F309D /* FHSTwitterEngine Tests */ = {
			isa = PBXNativeTarget;
			buildConfigurationList = F11270BD19835DF5005F309D /* Build configuration list for PBXNativeTarget "FHSTwitterEngine Tests" */;
			buildPhases = (
				F11270A919835DF5005F309D /* Sources */,
				F11270AA19835DF5005F309D /* Frameworks */,
				F11270AB19835DF5005F309D /* Resources */,
			);
			buildRules = (
			);
			dependencies = (
				F11270BC19835DF5005F309D /* PBXTargetDependency */,
			);
			name = "FHSTwitterEngine Tests";
			productName = "FHSTwitterEngine Tests";
			productReference = F11270AD19835DF5005F309D /* FHSTwitterEngine Tests.xctest */;
			productType = "com.apple.product-type.bundle.unit-test";
		};
/* End PBXNativeTarget section */

/* Begin PBXProject section */
		9B31B95215E56E34003FC89D /* Project object */ = {
			isa = PBXProject;
			attributes = {
				LastUpgradeCheck = 0600;
				ORGANIZATIONNAME = "Nathaniel Symer";
				TargetAttributes = {
					F11270AC19835DF5005F309D = {
						TestTargetID = 9B31B95A15E56E34003FC89D;
					};
				};
			};
			buildConfigurationList = 9B31B95515E56E34003FC89D /* Build configuration list for PBXProject "FHSTwitterEngine" */;
			compatibilityVersion = "Xcode 3.2";
			developmentRegion = English;
			hasScannedForEncodings = 0;
			knownRegions = (
				en,
			);
			mainGroup = 9B31B95015E56E34003FC89D;
			productRefGroup = 9B31B95C15E56E34003FC89D /* Products */;
			projectDirPath = "";
			projectRoot = "";
			targets = (
				9B31B95A15E56E34003FC89D /* FHSTwitterEngine */,
				F11270AC19835DF5005F309D /* FHSTwitterEngine Tests */,
			);
		};
/* End PBXProject section */

/* Begin PBXResourcesBuildPhase section */
		9B31B95915E56E34003FC89D /* Resources */ = {
			isa = PBXResourcesBuildPhase;
			buildActionMask = 2147483647;
			files = (
				1946B978195605BA00AB83DD /* image1.png in Resources */,
				9B2A1BC515E805D1007E66E0 /* InfoPlist.strings in Resources */,
				1946B979195605BA00AB83DD /* image2.png in Resources */,
				9B2A59E41628F053003B4E2E /* Default-568h@2x.png in Resources */,
			);
			runOnlyForDeploymentPostprocessing = 0;
		};
		F11270AB19835DF5005F309D /* Resources */ = {
			isa = PBXResourcesBuildPhase;
			buildActionMask = 2147483647;
			files = (
				F11270B719835DF5005F309D /* InfoPlist.strings in Resources */,
			);
			runOnlyForDeploymentPostprocessing = 0;
		};
/* End PBXResourcesBuildPhase section */

/* Begin PBXSourcesBuildPhase section */
		9B31B95715E56E34003FC89D /* Sources */ = {
			isa = PBXSourcesBuildPhase;
			buildActionMask = 2147483647;
			files = (
				9B2A1BC415E805D1007E66E0 /* AppDelegate.m in Sources */,
				9B2A1C2915E807D9007E66E0 /* FHSTwitterEngine.m in Sources */,
				F17DCD1018CDF9A2005382F4 /* FHSTwitterEngine+Requests.m in Sources */,
				F17DCD1618CE006F005382F4 /* FHSOAuthLoginController.m in Sources */,
				9B2A1BC915E805D1007E66E0 /* main.m in Sources */,
				F173184018CE1148005C790B /* NSData+FHSTE.m in Sources */,
				F106B12318CE6562007F68B5 /* NSURL+FHSTE.m in Sources */,
				F16ADB6E1985AC2C003925A6 /* FHSTwitterEngine+Streaming.m in Sources */,
				F17DCD1B18CE0196005382F4 /* NSString+FHSTE.m in Sources */,
				F110641A19D3608C0078A844 /* FHSStream+Parsing.m in Sources */,
				F1127D3E1982A79600BE6469 /* NSMutableURLRequest+FHSTE.m in Sources */,
				F1127D3B1982A44200BE6469 /* NSMutableURLRequest+OAuth.m in Sources */,
				F12A456B18CE384100D6AEFA /* NSError+FHSTE.m in Sources */,
				F1E5B035198176E9002FC64E /* NSObject+FHSTE.m in Sources */,
				9B2A1BD715E805D1007E66E0 /* ViewController.m in Sources */,
				F1CC819B18EF76B6002468D0 /* FHSToken.m in Sources */,
				F1E360E418D138E000CBF03D /* FHSTwitterEngine+iOS.m in Sources */,
				F1CC819A18EF76B6002468D0 /* FHSStream.m in Sources */,
			);
			runOnlyForDeploymentPostprocessing = 0;
		};
		F11270A919835DF5005F309D /* Sources */ = {
			isa = PBXSourcesBuildPhase;
			buildActionMask = 2147483647;
			files = (
				F11270CA198361AE005F309D /* Streaming.m in Sources */,
				F1FA668219847AD5000F7072 /* OAuth.m in Sources */,
			);
			runOnlyForDeploymentPostprocessing = 0;
		};
/* End PBXSourcesBuildPhase section */

/* Begin PBXTargetDependency section */
		F11270BC19835DF5005F309D /* PBXTargetDependency */ = {
			isa = PBXTargetDependency;
			target = 9B31B95A15E56E34003FC89D /* FHSTwitterEngine */;
			targetProxy = F11270BB19835DF5005F309D /* PBXContainerItemProxy */;
		};
/* End PBXTargetDependency section */

/* Begin PBXVariantGroup section */
		9B2A1B9A15E805D1007E66E0 /* InfoPlist.strings */ = {
			isa = PBXVariantGroup;
			children = (
				9B2A1B9B15E805D1007E66E0 /* en */,
			);
			name = InfoPlist.strings;
			sourceTree = "<group>";
		};
		F11270B519835DF5005F309D /* InfoPlist.strings */ = {
			isa = PBXVariantGroup;
			children = (
				F11270B619835DF5005F309D /* en */,
			);
			name = InfoPlist.strings;
			sourceTree = "<group>";
		};
/* End PBXVariantGroup section */

/* Begin XCBuildConfiguration section */
		9B31B97715E56E34003FC89D /* Debug */ = {
			isa = XCBuildConfiguration;
			buildSettings = {
				ALWAYS_SEARCH_USER_PATHS = NO;
				CLANG_CXX_LANGUAGE_STANDARD = "gnu++0x";
				CLANG_ENABLE_OBJC_ARC = YES;
				CLANG_WARN_BOOL_CONVERSION = YES;
				CLANG_WARN_CONSTANT_CONVERSION = YES;
				CLANG_WARN_EMPTY_BODY = YES;
				CLANG_WARN_ENUM_CONVERSION = YES;
				CLANG_WARN_INT_CONVERSION = YES;
				CLANG_WARN_UNREACHABLE_CODE = YES;
				CLANG_WARN__DUPLICATE_METHOD_MATCH = YES;
				"CODE_SIGN_IDENTITY[sdk=iphoneos*]" = "iPhone Developer";
				COPY_PHASE_STRIP = NO;
				ENABLE_STRICT_OBJC_MSGSEND = YES;
				GCC_C_LANGUAGE_STANDARD = gnu99;
				GCC_DYNAMIC_NO_PIC = NO;
				GCC_OPTIMIZATION_LEVEL = 0;
				GCC_PREPROCESSOR_DEFINITIONS = (
					"DEBUG=1",
					"$(inherited)",
				);
				GCC_SYMBOLS_PRIVATE_EXTERN = NO;
				GCC_VERSION = com.apple.compilers.llvm.clang.1_0;
				GCC_WARN_64_TO_32_BIT_CONVERSION = YES;
				GCC_WARN_ABOUT_RETURN_TYPE = YES;
				GCC_WARN_UNDECLARED_SELECTOR = YES;
				GCC_WARN_UNINITIALIZED_AUTOS = YES;
				GCC_WARN_UNUSED_FUNCTION = YES;
				GCC_WARN_UNUSED_VARIABLE = YES;
				IPHONEOS_DEPLOYMENT_TARGET = 5.1;
				ONLY_ACTIVE_ARCH = YES;
				SDKROOT = iphoneos;
			};
			name = Debug;
		};
		9B31B97815E56E34003FC89D /* Release */ = {
			isa = XCBuildConfiguration;
			buildSettings = {
				ALWAYS_SEARCH_USER_PATHS = NO;
				CLANG_CXX_LANGUAGE_STANDARD = "gnu++0x";
				CLANG_ENABLE_OBJC_ARC = YES;
				CLANG_WARN_BOOL_CONVERSION = YES;
				CLANG_WARN_CONSTANT_CONVERSION = YES;
				CLANG_WARN_EMPTY_BODY = YES;
				CLANG_WARN_ENUM_CONVERSION = YES;
				CLANG_WARN_INT_CONVERSION = YES;
				CLANG_WARN_UNREACHABLE_CODE = YES;
				CLANG_WARN__DUPLICATE_METHOD_MATCH = YES;
				"CODE_SIGN_IDENTITY[sdk=iphoneos*]" = "iPhone Developer";
				COPY_PHASE_STRIP = YES;
				ENABLE_STRICT_OBJC_MSGSEND = YES;
				GCC_C_LANGUAGE_STANDARD = gnu99;
				GCC_VERSION = com.apple.compilers.llvm.clang.1_0;
				GCC_WARN_64_TO_32_BIT_CONVERSION = YES;
				GCC_WARN_ABOUT_RETURN_TYPE = YES;
				GCC_WARN_UNDECLARED_SELECTOR = YES;
				GCC_WARN_UNINITIALIZED_AUTOS = YES;
				GCC_WARN_UNUSED_FUNCTION = YES;
				GCC_WARN_UNUSED_VARIABLE = YES;
				IPHONEOS_DEPLOYMENT_TARGET = 5.1;
				OTHER_CFLAGS = "-DNS_BLOCK_ASSERTIONS=1";
				SDKROOT = iphoneos;
				VALIDATE_PRODUCT = YES;
			};
			name = Release;
		};
		9B31B97A15E56E34003FC89D /* Debug */ = {
			isa = XCBuildConfiguration;
			buildSettings = {
				CLANG_ENABLE_OBJC_ARC = YES;
				GCC_PRECOMPILE_PREFIX_HEADER = YES;
				GCC_PREFIX_HEADER = "Demo/Supporting Files/FHSTwitterEngine-Prefix.pch";
				INFOPLIST_FILE = "Demo/Supporting Files/FHSTwitterEngine-Info.plist";
				IPHONEOS_DEPLOYMENT_TARGET = 7.0;
				LIBRARY_SEARCH_PATHS = (
					"$(inherited)",
					"\"$(SRCROOT)/FHSTwitterEngineDemo\"",
				);
				PRODUCT_NAME = "$(TARGET_NAME)";
				TARGETED_DEVICE_FAMILY = "1,2";
				WRAPPER_EXTENSION = app;
			};
			name = Debug;
		};
		9B31B97B15E56E34003FC89D /* Release */ = {
			isa = XCBuildConfiguration;
			buildSettings = {
				CLANG_ENABLE_OBJC_ARC = YES;
				GCC_PRECOMPILE_PREFIX_HEADER = YES;
				GCC_PREFIX_HEADER = "Demo/Supporting Files/FHSTwitterEngine-Prefix.pch";
				INFOPLIST_FILE = "Demo/Supporting Files/FHSTwitterEngine-Info.plist";
				IPHONEOS_DEPLOYMENT_TARGET = 7.0;
				LIBRARY_SEARCH_PATHS = "$(inherited)";
				PRODUCT_NAME = "$(TARGET_NAME)";
				TARGETED_DEVICE_FAMILY = "1,2";
				WRAPPER_EXTENSION = app;
			};
			name = Release;
		};
		F11270BE19835DF5005F309D /* Debug */ = {
			isa = XCBuildConfiguration;
			buildSettings = {
				BUNDLE_LOADER = "$(BUILT_PRODUCTS_DIR)/FHSTwitterEngine.app/FHSTwitterEngine";
				CLANG_CXX_LIBRARY = "libc++";
				CLANG_ENABLE_MODULES = YES;
				CLANG_WARN_DIRECT_OBJC_ISA_USAGE = YES_ERROR;
				CLANG_WARN_OBJC_ROOT_CLASS = YES_ERROR;
				FRAMEWORK_SEARCH_PATHS = (
					"$(SDKROOT)/Developer/Library/Frameworks",
					"$(inherited)",
					"$(DEVELOPER_FRAMEWORKS_DIR)",
				);
				GCC_PRECOMPILE_PREFIX_HEADER = YES;
				GCC_PREFIX_HEADER = "Tests/Supporting Files/FHSTwitterEngine Tests-Prefix.pch";
				GCC_PREPROCESSOR_DEFINITIONS = (
					"DEBUG=1",
					"$(inherited)",
				);
				GCC_WARN_ABOUT_RETURN_TYPE = YES_ERROR;
				GCC_WARN_UNINITIALIZED_AUTOS = YES_AGGRESSIVE;
				INFOPLIST_FILE = "Tests/Supporting Files/FHSTwitterEngine Tests-Info.plist";
				IPHONEOS_DEPLOYMENT_TARGET = 7.1;
				PRODUCT_NAME = "$(TARGET_NAME)";
				TEST_HOST = "$(BUNDLE_LOADER)";
				WRAPPER_EXTENSION = xctest;
			};
			name = Debug;
		};
		F11270BF19835DF5005F309D /* Release */ = {
			isa = XCBuildConfiguration;
			buildSettings = {
				BUNDLE_LOADER = "$(BUILT_PRODUCTS_DIR)/FHSTwitterEngine.app/FHSTwitterEngine";
				CLANG_CXX_LIBRARY = "libc++";
				CLANG_ENABLE_MODULES = YES;
				CLANG_WARN_DIRECT_OBJC_ISA_USAGE = YES_ERROR;
				CLANG_WARN_OBJC_ROOT_CLASS = YES_ERROR;
				ENABLE_NS_ASSERTIONS = NO;
				FRAMEWORK_SEARCH_PATHS = (
					"$(SDKROOT)/Developer/Library/Frameworks",
					"$(inherited)",
					"$(DEVELOPER_FRAMEWORKS_DIR)",
				);
				GCC_PRECOMPILE_PREFIX_HEADER = YES;
				GCC_PREFIX_HEADER = "Tests/Supporting Files/FHSTwitterEngine Tests-Prefix.pch";
				GCC_WARN_ABOUT_RETURN_TYPE = YES_ERROR;
				GCC_WARN_UNINITIALIZED_AUTOS = YES_AGGRESSIVE;
				INFOPLIST_FILE = "Tests/Supporting Files/FHSTwitterEngine Tests-Info.plist";
				IPHONEOS_DEPLOYMENT_TARGET = 7.1;
				PRODUCT_NAME = "$(TARGET_NAME)";
				TEST_HOST = "$(BUNDLE_LOADER)";
				WRAPPER_EXTENSION = xctest;
			};
			name = Release;
		};
/* End XCBuildConfiguration section */

/* Begin XCConfigurationList section */
		9B31B95515E56E34003FC89D /* Build configuration list for PBXProject "FHSTwitterEngine" */ = {
			isa = XCConfigurationList;
			buildConfigurations = (
				9B31B97715E56E34003FC89D /* Debug */,
				9B31B97815E56E34003FC89D /* Release */,
			);
			defaultConfigurationIsVisible = 0;
			defaultConfigurationName = Release;
		};
		9B31B97915E56E34003FC89D /* Build configuration list for PBXNativeTarget "FHSTwitterEngine" */ = {
			isa = XCConfigurationList;
			buildConfigurations = (
				9B31B97A15E56E34003FC89D /* Debug */,
				9B31B97B15E56E34003FC89D /* Release */,
			);
			defaultConfigurationIsVisible = 0;
			defaultConfigurationName = Release;
		};
		F11270BD19835DF5005F309D /* Build configuration list for PBXNativeTarget "FHSTwitterEngine Tests" */ = {
			isa = XCConfigurationList;
			buildConfigurations = (
				F11270BE19835DF5005F309D /* Debug */,
				F11270BF19835DF5005F309D /* Release */,
			);
			defaultConfigurationIsVisible = 0;
			defaultConfigurationName = Release;
		};
/* End XCConfigurationList section */
	};
	rootObject = 9B31B95215E56E34003FC89D /* Project object */;
}
