// !$*UTF8*$!
{
	archiveVersion = 1;
	classes = {
	};
	objectVersion = 46;
	objects = {

/* Begin PBXBuildFile section */
		9C52036F35C3AF528FDDABE8 /* libPods-FHSTwitterEngineDemoCocoaPods.a in Frameworks */ = {isa = PBXBuildFile; fileRef = 33C8F5EECBA0B2AA4C17E2C1 /* libPods-FHSTwitterEngineDemoCocoaPods.a */; };
		CE646D241C1732A40046F604 /* main.m in Sources */ = {isa = PBXBuildFile; fileRef = CE646D231C1732A40046F604 /* main.m */; };
		CE646D271C1732A40046F604 /* AppDelegate.m in Sources */ = {isa = PBXBuildFile; fileRef = CE646D261C1732A40046F604 /* AppDelegate.m */; };
		CE646D2A1C1732A40046F604 /* ViewController.m in Sources */ = {isa = PBXBuildFile; fileRef = CE646D291C1732A40046F604 /* ViewController.m */; };
		CE646D2D1C1732A40046F604 /* Main.storyboard in Resources */ = {isa = PBXBuildFile; fileRef = CE646D2B1C1732A40046F604 /* Main.storyboard */; };
		CE646D2F1C1732A40046F604 /* Assets.xcassets in Resources */ = {isa = PBXBuildFile; fileRef = CE646D2E1C1732A40046F604 /* Assets.xcassets */; };
		CE646D321C1732A40046F604 /* LaunchScreen.storyboard in Resources */ = {isa = PBXBuildFile; fileRef = CE646D301C1732A40046F604 /* LaunchScreen.storyboard */; };
/* End PBXBuildFile section */

/* Begin PBXFileReference section */
		33C8F5EECBA0B2AA4C17E2C1 /* libPods-FHSTwitterEngineDemoCocoaPods.a */ = {isa = PBXFileReference; explicitFileType = archive.ar; includeInIndex = 0; path = "libPods-FHSTwitterEngineDemoCocoaPods.a"; sourceTree = BUILT_PRODUCTS_DIR; };
		7F2F88C78D54BAF34DA7F134 /* Pods-FHSTwitterEngineDemoCocoaPods.debug.xcconfig */ = {isa = PBXFileReference; includeInIndex = 1; lastKnownFileType = text.xcconfig; name = "Pods-FHSTwitterEngineDemoCocoaPods.debug.xcconfig"; path = "Pods/Target Support Files/Pods-FHSTwitterEngineDemoCocoaPods/Pods-FHSTwitterEngineDemoCocoaPods.debug.xcconfig"; sourceTree = "<group>"; };
		CE646D1F1C1732A40046F604 /* FHSTwitterEngineDemoCocoaPods.app */ = {isa = PBXFileReference; explicitFileType = wrapper.application; includeInIndex = 0; path = FHSTwitterEngineDemoCocoaPods.app; sourceTree = BUILT_PRODUCTS_DIR; };
		CE646D231C1732A40046F604 /* main.m */ = {isa = PBXFileReference; lastKnownFileType = sourcecode.c.objc; path = main.m; sourceTree = "<group>"; };
		CE646D251C1732A40046F604 /* AppDelegate.h */ = {isa = PBXFileReference; lastKnownFileType = sourcecode.c.h; path = AppDelegate.h; sourceTree = "<group>"; };
		CE646D261C1732A40046F604 /* AppDelegate.m */ = {isa = PBXFileReference; lastKnownFileType = sourcecode.c.objc; path = AppDelegate.m; sourceTree = "<group>"; };
		CE646D281C1732A40046F604 /* ViewController.h */ = {isa = PBXFileReference; lastKnownFileType = sourcecode.c.h; path = ViewController.h; sourceTree = "<group>"; };
		CE646D291C1732A40046F604 /* ViewController.m */ = {isa = PBXFileReference; lastKnownFileType = sourcecode.c.objc; path = ViewController.m; sourceTree = "<group>"; };
		CE646D2C1C1732A40046F604 /* Base */ = {isa = PBXFileReference; lastKnownFileType = file.storyboard; name = Base; path = Base.lproj/Main.storyboard; sourceTree = "<group>"; };
		CE646D2E1C1732A40046F604 /* Assets.xcassets */ = {isa = PBXFileReference; lastKnownFileType = folder.assetcatalog; path = Assets.xcassets; sourceTree = "<group>"; };
		CE646D311C1732A40046F604 /* Base */ = {isa = PBXFileReference; lastKnownFileType = file.storyboard; name = Base; path = Base.lproj/LaunchScreen.storyboard; sourceTree = "<group>"; };
		CE646D331C1732A40046F604 /* Info.plist */ = {isa = PBXFileReference; lastKnownFileType = text.plist.xml; path = Info.plist; sourceTree = "<group>"; };
		E57A35407A78F0323AF8FE6D /* Pods-FHSTwitterEngineDemoCocoaPods.release.xcconfig */ = {isa = PBXFileReference; includeInIndex = 1; lastKnownFileType = text.xcconfig; name = "Pods-FHSTwitterEngineDemoCocoaPods.release.xcconfig"; path = "Pods/Target Support Files/Pods-FHSTwitterEngineDemoCocoaPods/Pods-FHSTwitterEngineDemoCocoaPods.release.xcconfig"; sourceTree = "<group>"; };
/* End PBXFileReference section */

/* Begin PBXFrameworksBuildPhase section */
		CE646D1C1C1732A40046F604 /* Frameworks */ = {
			isa = PBXFrameworksBuildPhase;
			buildActionMask = 2147483647;
			files = (
				9C52036F35C3AF528FDDABE8 /* libPods-FHSTwitterEngineDemoCocoaPods.a in Frameworks */,
			);
			runOnlyForDeploymentPostprocessing = 0;
		};
/* End PBXFrameworksBuildPhase section */

/* Begin PBXGroup section */
		76162096E719114E635E9816 /* Pods */ = {
			isa = PBXGroup;
			children = (
				7F2F88C78D54BAF34DA7F134 /* Pods-FHSTwitterEngineDemoCocoaPods.debug.xcconfig */,
				E57A35407A78F0323AF8FE6D /* Pods-FHSTwitterEngineDemoCocoaPods.release.xcconfig */,
			);
			name = Pods;
			sourceTree = "<group>";
		};
		B0FF2B25CD62EF8423AE806E /* Frameworks */ = {
			isa = PBXGroup;
			children = (
				33C8F5EECBA0B2AA4C17E2C1 /* libPods-FHSTwitterEngineDemoCocoaPods.a */,
			);
			name = Frameworks;
			sourceTree = "<group>";
		};
		CE646D161C1732A40046F604 = {
			isa = PBXGroup;
			children = (
				CE646D211C1732A40046F604 /* FHSTwitterEngineDemoCocoaPods */,
				CE646D201C1732A40046F604 /* Products */,
				76162096E719114E635E9816 /* Pods */,
				B0FF2B25CD62EF8423AE806E /* Frameworks */,
			);
			sourceTree = "<group>";
		};
		CE646D201C1732A40046F604 /* Products */ = {
			isa = PBXGroup;
			children = (
				CE646D1F1C1732A40046F604 /* FHSTwitterEngineDemoCocoaPods.app */,
			);
			name = Products;
			sourceTree = "<group>";
		};
		CE646D211C1732A40046F604 /* FHSTwitterEngineDemoCocoaPods */ = {
			isa = PBXGroup;
			children = (
				CE646D251C1732A40046F604 /* AppDelegate.h */,
				CE646D261C1732A40046F604 /* AppDelegate.m */,
				CE646D281C1732A40046F604 /* ViewController.h */,
				CE646D291C1732A40046F604 /* ViewController.m */,
				CE646D2B1C1732A40046F604 /* Main.storyboard */,
				CE646D2E1C1732A40046F604 /* Assets.xcassets */,
				CE646D301C1732A40046F604 /* LaunchScreen.storyboard */,
				CE646D331C1732A40046F604 /* Info.plist */,
				CE646D221C1732A40046F604 /* Supporting Files */,
			);
			path = FHSTwitterEngineDemoCocoaPods;
			sourceTree = "<group>";
		};
		CE646D221C1732A40046F604 /* Supporting Files */ = {
			isa = PBXGroup;
			children = (
				CE646D231C1732A40046F604 /* main.m */,
			);
			name = "Supporting Files";
			sourceTree = "<group>";
		};
/* End PBXGroup section */

/* Begin PBXNativeTarget section */
		CE646D1E1C1732A40046F604 /* FHSTwitterEngineDemoCocoaPods */ = {
			isa = PBXNativeTarget;
			buildConfigurationList = CE646D361C1732A40046F604 /* Build configuration list for PBXNativeTarget "FHSTwitterEngineDemoCocoaPods" */;
			buildPhases = (
				D03AE536B304BBF6926D9CBE /* Check Pods Manifest.lock */,
				CE646D1B1C1732A40046F604 /* Sources */,
				CE646D1C1C1732A40046F604 /* Frameworks */,
				CE646D1D1C1732A40046F604 /* Resources */,
				B673D3C8B4920C04AA3D8CD2 /* Embed Pods Frameworks */,
				13138A30E3FFD2874FD5DD76 /* Copy Pods Resources */,
			);
			buildRules = (
			);
			dependencies = (
			);
			name = FHSTwitterEngineDemoCocoaPods;
			productName = FHSTwitterEngineDemoCocoaPods;
			productReference = CE646D1F1C1732A40046F604 /* FHSTwitterEngineDemoCocoaPods.app */;
			productType = "com.apple.product-type.application";
		};
/* End PBXNativeTarget section */

/* Begin PBXProject section */
		CE646D171C1732A40046F604 /* Project object */ = {
			isa = PBXProject;
			attributes = {
				LastUpgradeCheck = 0710;
				ORGANIZATIONNAME = "Daniel Khamsing";
				TargetAttributes = {
					CE646D1E1C1732A40046F604 = {
						CreatedOnToolsVersion = 7.1;
					};
				};
			};
			buildConfigurationList = CE646D1A1C1732A40046F604 /* Build configuration list for PBXProject "FHSTwitterEngineDemoCocoaPods" */;
			compatibilityVersion = "Xcode 3.2";
			developmentRegion = English;
			hasScannedForEncodings = 0;
			knownRegions = (
				en,
				Base,
			);
			mainGroup = CE646D161C1732A40046F604;
			productRefGroup = CE646D201C1732A40046F604 /* Products */;
			projectDirPath = "";
			projectRoot = "";
			targets = (
				CE646D1E1C1732A40046F604 /* FHSTwitterEngineDemoCocoaPods */,
			);
		};
/* End PBXProject section */

/* Begin PBXResourcesBuildPhase section */
		CE646D1D1C1732A40046F604 /* Resources */ = {
			isa = PBXResourcesBuildPhase;
			buildActionMask = 2147483647;
			files = (
				CE646D321C1732A40046F604 /* LaunchScreen.storyboard in Resources */,
				CE646D2F1C1732A40046F604 /* Assets.xcassets in Resources */,
				CE646D2D1C1732A40046F604 /* Main.storyboard in Resources */,
			);
			runOnlyForDeploymentPostprocessing = 0;
		};
/* End PBXResourcesBuildPhase section */

/* Begin PBXShellScriptBuildPhase section */
		13138A30E3FFD2874FD5DD76 /* Copy Pods Resources */ = {
			isa = PBXShellScriptBuildPhase;
			buildActionMask = 2147483647;
			files = (
			);
			inputPaths = (
			);
			name = "Copy Pods Resources";
			outputPaths = (
			);
			runOnlyForDeploymentPostprocessing = 0;
			shellPath = /bin/sh;
			shellScript = "\"${SRCROOT}/Pods/Target Support Files/Pods-FHSTwitterEngineDemoCocoaPods/Pods-FHSTwitterEngineDemoCocoaPods-resources.sh\"\n";
			showEnvVarsInLog = 0;
		};
		B673D3C8B4920C04AA3D8CD2 /* Embed Pods Frameworks */ = {
			isa = PBXShellScriptBuildPhase;
			buildActionMask = 2147483647;
			files = (
			);
			inputPaths = (
			);
			name = "Embed Pods Frameworks";
			outputPaths = (
			);
			runOnlyForDeploymentPostprocessing = 0;
			shellPath = /bin/sh;
			shellScript = "\"${SRCROOT}/Pods/Target Support Files/Pods-FHSTwitterEngineDemoCocoaPods/Pods-FHSTwitterEngineDemoCocoaPods-frameworks.sh\"\n";
			showEnvVarsInLog = 0;
		};
		D03AE536B304BBF6926D9CBE /* Check Pods Manifest.lock */ = {
			isa = PBXShellScriptBuildPhase;
			buildActionMask = 2147483647;
			files = (
			);
			inputPaths = (
			);
			name = "Check Pods Manifest.lock";
			outputPaths = (
			);
			runOnlyForDeploymentPostprocessing = 0;
			shellPath = /bin/sh;
			shellScript = "diff \"${PODS_ROOT}/../Podfile.lock\" \"${PODS_ROOT}/Manifest.lock\" > /dev/null\nif [[ $? != 0 ]] ; then\n    cat << EOM\nerror: The sandbox is not in sync with the Podfile.lock. Run 'pod install' or update your CocoaPods installation.\nEOM\n    exit 1\nfi\n";
			showEnvVarsInLog = 0;
		};
/* End PBXShellScriptBuildPhase section */

/* Begin PBXSourcesBuildPhase section */
		CE646D1B1C1732A40046F604 /* Sources */ = {
			isa = PBXSourcesBuildPhase;
			buildActionMask = 2147483647;
			files = (
				CE646D2A1C1732A40046F604 /* ViewController.m in Sources */,
				CE646D271C1732A40046F604 /* AppDelegate.m in Sources */,
				CE646D241C1732A40046F604 /* main.m in Sources */,
			);
			runOnlyForDeploymentPostprocessing = 0;
		};
/* End PBXSourcesBuildPhase section */

/* Begin PBXVariantGroup section */
		CE646D2B1C1732A40046F604 /* Main.storyboard */ = {
			isa = PBXVariantGroup;
			children = (
				CE646D2C1C1732A40046F604 /* Base */,
			);
			name = Main.storyboard;
			sourceTree = "<group>";
		};
		CE646D301C1732A40046F604 /* LaunchScreen.storyboard */ = {
			isa = PBXVariantGroup;
			children = (
				CE646D311C1732A40046F604 /* Base */,
			);
			name = LaunchScreen.storyboard;
			sourceTree = "<group>";
		};
/* End PBXVariantGroup section */

/* Begin XCBuildConfiguration section */
		CE646D341C1732A40046F604 /* Debug */ = {
			isa = XCBuildConfiguration;
			buildSettings = {
				ALWAYS_SEARCH_USER_PATHS = NO;
				CLANG_CXX_LANGUAGE_STANDARD = "gnu++0x";
				CLANG_CXX_LIBRARY = "libc++";
				CLANG_ENABLE_MODULES = YES;
				CLANG_ENABLE_OBJC_ARC = YES;
				CLANG_WARN_BOOL_CONVERSION = YES;
				CLANG_WARN_CONSTANT_CONVERSION = YES;
				CLANG_WARN_DIRECT_OBJC_ISA_USAGE = YES_ERROR;
				CLANG_WARN_EMPTY_BODY = YES;
				CLANG_WARN_ENUM_CONVERSION = YES;
				CLANG_WARN_INT_CONVERSION = YES;
				CLANG_WARN_OBJC_ROOT_CLASS = YES_ERROR;
				CLANG_WARN_UNREACHABLE_CODE = YES;
				CLANG_WARN__DUPLICATE_METHOD_MATCH = YES;
				"CODE_SIGN_IDENTITY[sdk=iphoneos*]" = "iPhone Developer";
				COPY_PHASE_STRIP = NO;
				DEBUG_INFORMATION_FORMAT = dwarf;
				ENABLE_STRICT_OBJC_MSGSEND = YES;
				ENABLE_TESTABILITY = YES;
				GCC_C_LANGUAGE_STANDARD = gnu99;
				GCC_DYNAMIC_NO_PIC = NO;
				GCC_NO_COMMON_BLOCKS = YES;
				GCC_OPTIMIZATION_LEVEL = 0;
				GCC_PREPROCESSOR_DEFINITIONS = (
					"DEBUG=1",
					"$(inherited)",
				);
				GCC_WARN_64_TO_32_BIT_CONVERSION = YES;
				GCC_WARN_ABOUT_RETURN_TYPE = YES_ERROR;
				GCC_WARN_UNDECLARED_SELECTOR = YES;
				GCC_WARN_UNINITIALIZED_AUTOS = YES_AGGRESSIVE;
				GCC_WARN_UNUSED_FUNCTION = YES;
				GCC_WARN_UNUSED_VARIABLE = YES;
				IPHONEOS_DEPLOYMENT_TARGET = 9.1;
				MTL_ENABLE_DEBUG_INFO = YES;
				ONLY_ACTIVE_ARCH = YES;
				SDKROOT = iphoneos;
				TARGETED_DEVICE_FAMILY = "1,2";
			};
			name = Debug;
		};
		CE646D351C1732A40046F604 /* Release */ = {
			isa = XCBuildConfiguration;
			buildSettings = {
				ALWAYS_SEARCH_USER_PATHS = NO;
				CLANG_CXX_LANGUAGE_STANDARD = "gnu++0x";
				CLANG_CXX_LIBRARY = "libc++";
				CLANG_ENABLE_MODULES = YES;
				CLANG_ENABLE_OBJC_ARC = YES;
				CLANG_WARN_BOOL_CONVERSION = YES;
				CLANG_WARN_CONSTANT_CONVERSION = YES;
				CLANG_WARN_DIRECT_OBJC_ISA_USAGE = YES_ERROR;
				CLANG_WARN_EMPTY_BODY = YES;
				CLANG_WARN_ENUM_CONVERSION = YES;
				CLANG_WARN_INT_CONVERSION = YES;
				CLANG_WARN_OBJC_ROOT_CLASS = YES_ERROR;
				CLANG_WARN_UNREACHABLE_CODE = YES;
				CLANG_WARN__DUPLICATE_METHOD_MATCH = YES;
				"CODE_SIGN_IDENTITY[sdk=iphoneos*]" = "iPhone Developer";
				COPY_PHASE_STRIP = NO;
				DEBUG_INFORMATION_FORMAT = "dwarf-with-dsym";
				ENABLE_NS_ASSERTIONS = NO;
				ENABLE_STRICT_OBJC_MSGSEND = YES;
				GCC_C_LANGUAGE_STANDARD = gnu99;
				GCC_NO_COMMON_BLOCKS = YES;
				GCC_WARN_64_TO_32_BIT_CONVERSION = YES;
				GCC_WARN_ABOUT_RETURN_TYPE = YES_ERROR;
				GCC_WARN_UNDECLARED_SELECTOR = YES;
				GCC_WARN_UNINITIALIZED_AUTOS = YES_AGGRESSIVE;
				GCC_WARN_UNUSED_FUNCTION = YES;
				GCC_WARN_UNUSED_VARIABLE = YES;
				IPHONEOS_DEPLOYMENT_TARGET = 9.1;
				MTL_ENABLE_DEBUG_INFO = NO;
				SDKROOT = iphoneos;
				TARGETED_DEVICE_FAMILY = "1,2";
				VALIDATE_PRODUCT = YES;
			};
			name = Release;
		};
		CE646D371C1732A40046F604 /* Debug */ = {
			isa = XCBuildConfiguration;
			baseConfigurationReference = 7F2F88C78D54BAF34DA7F134 /* Pods-FHSTwitterEngineDemoCocoaPods.debug.xcconfig */;
			buildSettings = {
				ASSETCATALOG_COMPILER_APPICON_NAME = AppIcon;
				INFOPLIST_FILE = FHSTwitterEngineDemoCocoaPods/Info.plist;
				LD_RUNPATH_SEARCH_PATHS = "$(inherited) @executable_path/Frameworks";
				PRODUCT_BUNDLE_IDENTIFIER = com.dkhamsing.FHSTwitterEngineDemoCocoaPods;
				PRODUCT_NAME = "$(TARGET_NAME)";
			};
			name = Debug;
		};
		CE646D381C1732A40046F604 /* Release */ = {
			isa = XCBuildConfiguration;
			baseConfigurationReference = E57A35407A78F0323AF8FE6D /* Pods-FHSTwitterEngineDemoCocoaPods.release.xcconfig */;
			buildSettings = {
				ASSETCATALOG_COMPILER_APPICON_NAME = AppIcon;
				INFOPLIST_FILE = FHSTwitterEngineDemoCocoaPods/Info.plist;
				LD_RUNPATH_SEARCH_PATHS = "$(inherited) @executable_path/Frameworks";
				PRODUCT_BUNDLE_IDENTIFIER = com.dkhamsing.FHSTwitterEngineDemoCocoaPods;
				PRODUCT_NAME = "$(TARGET_NAME)";
			};
			name = Release;
		};
/* End XCBuildConfiguration section */

/* Begin XCConfigurationList section */
		CE646D1A1C1732A40046F604 /* Build configuration list for PBXProject "FHSTwitterEngineDemoCocoaPods" */ = {
			isa = XCConfigurationList;
			buildConfigurations = (
				CE646D341C1732A40046F604 /* Debug */,
				CE646D351C1732A40046F604 /* Release */,
			);
			defaultConfigurationIsVisible = 0;
			defaultConfigurationName = Release;
		};
		CE646D361C1732A40046F604 /* Build configuration list for PBXNativeTarget "FHSTwitterEngineDemoCocoaPods" */ = {
			isa = XCConfigurationList;
			buildConfigurations = (
				CE646D371C1732A40046F604 /* Debug */,
				CE646D381C1732A40046F604 /* Release */,
			);
			defaultConfigurationIsVisible = 0;
			defaultConfigurationName = Release;
		};
/* End XCConfigurationList section */
	};
	rootObject = CE646D171C1732A40046F604 /* Project object */;
}
